// !$*UTF8*$!
{
	archiveVersion = 1;
	classes = {
	};
	objectVersion = 56;
	objects = {

/* Begin PBXBuildFile section */
		A8055B8E2B37BCE6009FC60F /* LandmarkRow.swift in Sources */ = {isa = PBXBuildFile; fileRef = A8055B8D2B37BCE6009FC60F /* LandmarkRow.swift */; };
		A8073F072B380C4700EAE3DC /* BadgeBackground.swift in Sources */ = {isa = PBXBuildFile; fileRef = A8073F062B380C4700EAE3DC /* BadgeBackground.swift */; };
		A8073F092B3818BA00EAE3DC /* BadgeSymbol.swift in Sources */ = {isa = PBXBuildFile; fileRef = A8073F082B3818BA00EAE3DC /* BadgeSymbol.swift */; };
		A8073F0B2B3834B000EAE3DC /* RotatedBadgeSymbol.swift in Sources */ = {isa = PBXBuildFile; fileRef = A8073F0A2B3834B000EAE3DC /* RotatedBadgeSymbol.swift */; };
		A8073F0D2B3836C800EAE3DC /* Badge.swift in Sources */ = {isa = PBXBuildFile; fileRef = A8073F0C2B3836C800EAE3DC /* Badge.swift */; };
		A8073F102B3842DC00EAE3DC /* hikeData.json in Resources */ = {isa = PBXBuildFile; fileRef = A8073F0F2B3842DC00EAE3DC /* hikeData.json */; };
		A8073F122B38437500EAE3DC /* Hike.swift in Sources */ = {isa = PBXBuildFile; fileRef = A8073F112B38437500EAE3DC /* Hike.swift */; };
		A8073F182B38473600EAE3DC /* GraphCapsule.swift in Sources */ = {isa = PBXBuildFile; fileRef = A8073F142B38473600EAE3DC /* GraphCapsule.swift */; };
		A8073F192B38473600EAE3DC /* HikeGraph.swift in Sources */ = {isa = PBXBuildFile; fileRef = A8073F152B38473600EAE3DC /* HikeGraph.swift */; };
		A8073F1A2B38473600EAE3DC /* HikeDetail.swift in Sources */ = {isa = PBXBuildFile; fileRef = A8073F162B38473600EAE3DC /* HikeDetail.swift */; };
		A8073F1B2B38473600EAE3DC /* HikeView.swift in Sources */ = {isa = PBXBuildFile; fileRef = A8073F172B38473600EAE3DC /* HikeView.swift */; };
		A8073F1E2B39178E00EAE3DC /* CategoryHome.swift in Sources */ = {isa = PBXBuildFile; fileRef = A8073F1D2B39178E00EAE3DC /* CategoryHome.swift */; };
		A8073F222B39273F00EAE3DC /* CategoryRow.swift in Sources */ = {isa = PBXBuildFile; fileRef = A8073F212B39273F00EAE3DC /* CategoryRow.swift */; };
		A8073F242B3933D000EAE3DC /* CategoryItem.swift in Sources */ = {isa = PBXBuildFile; fileRef = A8073F232B3933D000EAE3DC /* CategoryItem.swift */; };
		A8073F262B3944EE00EAE3DC /* Profile.swift in Sources */ = {isa = PBXBuildFile; fileRef = A8073F252B3944EE00EAE3DC /* Profile.swift */; };
		A8073F2A2B3953DB00EAE3DC /* ProfileHost.swift in Sources */ = {isa = PBXBuildFile; fileRef = A8073F292B3953DB00EAE3DC /* ProfileHost.swift */; };
		A8073F2C2B39854800EAE3DC /* ProfileSummary.swift in Sources */ = {isa = PBXBuildFile; fileRef = A8073F2B2B39854800EAE3DC /* ProfileSummary.swift */; };
		A8073F2E2B39868800EAE3DC /* HikeBadge.swift in Sources */ = {isa = PBXBuildFile; fileRef = A8073F2D2B39868800EAE3DC /* HikeBadge.swift */; };
		A8073F302B3A7F8800EAE3DC /* ProfileEditor.swift in Sources */ = {isa = PBXBuildFile; fileRef = A8073F2F2B3A7F8800EAE3DC /* ProfileEditor.swift */; };
		A8073F322B3A893200EAE3DC /* LICENSE.txt in Resources */ = {isa = PBXBuildFile; fileRef = A8073F312B3A893100EAE3DC /* LICENSE.txt */; };
		A838AB812B3DAE3900D18FF5 /* ContentView.swift in Sources */ = {isa = PBXBuildFile; fileRef = A838AB802B3DAE3900D18FF5 /* ContentView.swift */; };
		A838AB832B3DAE3B00D18FF5 /* Assets.xcassets in Resources */ = {isa = PBXBuildFile; fileRef = A838AB822B3DAE3B00D18FF5 /* Assets.xcassets */; };
		A838AB862B3DAE3B00D18FF5 /* Preview Assets.xcassets in Resources */ = {isa = PBXBuildFile; fileRef = A838AB852B3DAE3B00D18FF5 /* Preview Assets.xcassets */; };
		A838AB8B2B3DAF9600D18FF5 /* Landmark.swift in Sources */ = {isa = PBXBuildFile; fileRef = A84FD42A2B371A7F006093F3 /* Landmark.swift */; };
		A838AB8C2B3DAF9600D18FF5 /* landmarkData.json in Resources */ = {isa = PBXBuildFile; fileRef = A84FD4282B371A09006093F3 /* landmarkData.json */; };
		A838AB8E2B3DAF9600D18FF5 /* CircleImage.swift in Sources */ = {isa = PBXBuildFile; fileRef = A84FD4242B370F76006093F3 /* CircleImage.swift */; };
		A838AB8F2B3DAF9600D18FF5 /* Hike.swift in Sources */ = {isa = PBXBuildFile; fileRef = A8073F112B38437500EAE3DC /* Hike.swift */; };
		A838AB902B3DAF9600D18FF5 /* hikeData.json in Resources */ = {isa = PBXBuildFile; fileRef = A8073F0F2B3842DC00EAE3DC /* hikeData.json */; };
		A838AB912B3DAF9600D18FF5 /* LandmarksApp.swift in Sources */ = {isa = PBXBuildFile; fileRef = A84FD4162B370993006093F3 /* LandmarksApp.swift */; };
		A838AB922B3DAF9600D18FF5 /* LandmarkList.swift in Sources */ = {isa = PBXBuildFile; fileRef = A84CAAAD2B37C1DB0047DA13 /* LandmarkList.swift */; };
		A838AB932B3DAF9600D18FF5 /* Assets.xcassets in Resources */ = {isa = PBXBuildFile; fileRef = A84FD41A2B370995006093F3 /* Assets.xcassets */; };
		A838AB942B3DAF9600D18FF5 /* MapView.swift in Sources */ = {isa = PBXBuildFile; fileRef = A84FD4262B37107D006093F3 /* MapView.swift */; };
		A838AB952B3DAF9600D18FF5 /* LandmarkRow.swift in Sources */ = {isa = PBXBuildFile; fileRef = A8055B8D2B37BCE6009FC60F /* LandmarkRow.swift */; };
		A838AB962B3DAF9600D18FF5 /* FavoriteButton.swift in Sources */ = {isa = PBXBuildFile; fileRef = A84CAAB12B37F53C0047DA13 /* FavoriteButton.swift */; };
		A838AB972B3DAF9600D18FF5 /* Profile.swift in Sources */ = {isa = PBXBuildFile; fileRef = A8073F252B3944EE00EAE3DC /* Profile.swift */; };
		A838AB992B3DB19300D18FF5 /* LandmarkDetail.swift in Sources */ = {isa = PBXBuildFile; fileRef = A838AB982B3DB19300D18FF5 /* LandmarkDetail.swift */; };
		A838AB9A2B3DB6C900D18FF5 /* ModelData.swift in Sources */ = {isa = PBXBuildFile; fileRef = A84FD42C2B3721FD006093F3 /* ModelData.swift */; };
		A838AB9C2B3DC92900D18FF5 /* LandmarkList.swift in Sources */ = {isa = PBXBuildFile; fileRef = A838AB9B2B3DC92900D18FF5 /* LandmarkList.swift */; };
		A838ABA12B3EA1B600D18FF5 /* LandmarkCommands.swift in Sources */ = {isa = PBXBuildFile; fileRef = A838AB9F2B3EA1B600D18FF5 /* LandmarkCommands.swift */; };
		A84CAAAE2B37C1DB0047DA13 /* LandmarkList.swift in Sources */ = {isa = PBXBuildFile; fileRef = A84CAAAD2B37C1DB0047DA13 /* LandmarkList.swift */; };
		A84CAAB02B37D1FF0047DA13 /* LandmarkDetail.swift in Sources */ = {isa = PBXBuildFile; fileRef = A84CAAAF2B37D1FF0047DA13 /* LandmarkDetail.swift */; };
		A84CAAB22B37F53C0047DA13 /* FavoriteButton.swift in Sources */ = {isa = PBXBuildFile; fileRef = A84CAAB12B37F53C0047DA13 /* FavoriteButton.swift */; };
		A84CAAB72B38094C0047DA13 /* HexagonParameters.swift in Sources */ = {isa = PBXBuildFile; fileRef = A84CAAB62B38094C0047DA13 /* HexagonParameters.swift */; };
		A84FD4172B370993006093F3 /* LandmarksApp.swift in Sources */ = {isa = PBXBuildFile; fileRef = A84FD4162B370993006093F3 /* LandmarksApp.swift */; };
		A84FD4192B370993006093F3 /* ContentView.swift in Sources */ = {isa = PBXBuildFile; fileRef = A84FD4182B370993006093F3 /* ContentView.swift */; };
		A84FD41B2B370995006093F3 /* Assets.xcassets in Resources */ = {isa = PBXBuildFile; fileRef = A84FD41A2B370995006093F3 /* Assets.xcassets */; };
		A84FD41E2B370995006093F3 /* Preview Assets.xcassets in Resources */ = {isa = PBXBuildFile; fileRef = A84FD41D2B370995006093F3 /* Preview Assets.xcassets */; };
		A84FD4252B370F76006093F3 /* CircleImage.swift in Sources */ = {isa = PBXBuildFile; fileRef = A84FD4242B370F76006093F3 /* CircleImage.swift */; };
		A84FD4272B37107D006093F3 /* MapView.swift in Sources */ = {isa = PBXBuildFile; fileRef = A84FD4262B37107D006093F3 /* MapView.swift */; };
		A84FD4292B371A09006093F3 /* landmarkData.json in Resources */ = {isa = PBXBuildFile; fileRef = A84FD4282B371A09006093F3 /* landmarkData.json */; };
		A84FD42B2B371A7F006093F3 /* Landmark.swift in Sources */ = {isa = PBXBuildFile; fileRef = A84FD42A2B371A7F006093F3 /* Landmark.swift */; };
		A84FD42D2B3721FD006093F3 /* ModelData.swift in Sources */ = {isa = PBXBuildFile; fileRef = A84FD42C2B3721FD006093F3 /* ModelData.swift */; };
		A880FE382B3B152B00A3506E /* NotificationView.swift in Sources */ = {isa = PBXBuildFile; fileRef = A880FE372B3B152B00A3506E /* NotificationView.swift */; };
		A880FE3A2B3B17DA00A3506E /* NotificationController.swift in Sources */ = {isa = PBXBuildFile; fileRef = A880FE392B3B17DA00A3506E /* NotificationController.swift */; };
		A880FE462B3B270C00A3506E /* Landmarks.app in Resources */ = {isa = PBXBuildFile; fileRef = A84FD4132B370993006093F3 /* Landmarks.app */; };
		A8959BCC2B3A952500A32C04 /* PageViewController.swift in Sources */ = {isa = PBXBuildFile; fileRef = A8959BCB2B3A952500A32C04 /* PageViewController.swift */; };
		A8959BCE2B3A9BA700A32C04 /* FeatureCard.swift in Sources */ = {isa = PBXBuildFile; fileRef = A8959BCD2B3A9BA700A32C04 /* FeatureCard.swift */; };
		A8959BD02B3A9F0600A32C04 /* PageView.swift in Sources */ = {isa = PBXBuildFile; fileRef = A8959BCF2B3A9F0600A32C04 /* PageView.swift */; };
		A8959BD22B3ADF9000A32C04 /* PageControl.swift in Sources */ = {isa = PBXBuildFile; fileRef = A8959BD12B3ADF9000A32C04 /* PageControl.swift */; };
		A8959BDC2B3AF15700A32C04 /* ContentView.swift in Sources */ = {isa = PBXBuildFile; fileRef = A8959BDB2B3AF15700A32C04 /* ContentView.swift */; };
		A8959BDE2B3AF15900A32C04 /* Assets.xcassets in Resources */ = {isa = PBXBuildFile; fileRef = A8959BDD2B3AF15900A32C04 /* Assets.xcassets */; };
		A8959BE12B3AF15900A32C04 /* Preview Assets.xcassets in Resources */ = {isa = PBXBuildFile; fileRef = A8959BE02B3AF15900A32C04 /* Preview Assets.xcassets */; };
		A8959BE52B3B006300A32C04 /* CircleImage.swift in Sources */ = {isa = PBXBuildFile; fileRef = A84FD4242B370F76006093F3 /* CircleImage.swift */; };
		A8959BE72B3B006300A32C04 /* landmarkData.json in Resources */ = {isa = PBXBuildFile; fileRef = A84FD4282B371A09006093F3 /* landmarkData.json */; };
		A8959BE82B3B006300A32C04 /* LandmarksApp.swift in Sources */ = {isa = PBXBuildFile; fileRef = A84FD4162B370993006093F3 /* LandmarksApp.swift */; };
		A8959BE92B3B006300A32C04 /* MapView.swift in Sources */ = {isa = PBXBuildFile; fileRef = A84FD4262B37107D006093F3 /* MapView.swift */; };
		A8959BEA2B3B006300A32C04 /* Hike.swift in Sources */ = {isa = PBXBuildFile; fileRef = A8073F112B38437500EAE3DC /* Hike.swift */; };
		A8959BEB2B3B006300A32C04 /* LandmarkRow.swift in Sources */ = {isa = PBXBuildFile; fileRef = A8055B8D2B37BCE6009FC60F /* LandmarkRow.swift */; };
		A8959BEC2B3B006300A32C04 /* hikeData.json in Resources */ = {isa = PBXBuildFile; fileRef = A8073F0F2B3842DC00EAE3DC /* hikeData.json */; };
		A8959BED2B3B006300A32C04 /* Assets.xcassets in Resources */ = {isa = PBXBuildFile; fileRef = A84FD41A2B370995006093F3 /* Assets.xcassets */; };
		A8959BEE2B3B006300A32C04 /* ModelData.swift in Sources */ = {isa = PBXBuildFile; fileRef = A84FD42C2B3721FD006093F3 /* ModelData.swift */; };
		A8959BEF2B3B006300A32C04 /* Profile.swift in Sources */ = {isa = PBXBuildFile; fileRef = A8073F252B3944EE00EAE3DC /* Profile.swift */; };
		A8959BF02B3B006300A32C04 /* Landmark.swift in Sources */ = {isa = PBXBuildFile; fileRef = A84FD42A2B371A7F006093F3 /* Landmark.swift */; };
		A8959BF32B3B012C00A32C04 /* LandmarkDetail.swift in Sources */ = {isa = PBXBuildFile; fileRef = A8959BF22B3B012C00A32C04 /* LandmarkDetail.swift */; };
		A8C82DAD2B3EFF8300E54AFC /* LandmarkSettings.swift in Sources */ = {isa = PBXBuildFile; fileRef = A8C82DAC2B3EFF8300E54AFC /* LandmarkSettings.swift */; };
/* End PBXBuildFile section */

/* Begin PBXContainerItemProxy section */
		A880FE472B3B270C00A3506E /* PBXContainerItemProxy */ = {
			isa = PBXContainerItemProxy;
			containerPortal = A84FD40B2B370993006093F3 /* Project object */;
			proxyType = 1;
			remoteGlobalIDString = A84FD4122B370993006093F3;
			remoteInfo = Landmarks;
		};
		A880FE492B3B271100A3506E /* PBXContainerItemProxy */ = {
			isa = PBXContainerItemProxy;
			containerPortal = A84FD40B2B370993006093F3 /* Project object */;
			proxyType = 1;
			remoteGlobalIDString = A84FD4122B370993006093F3;
			remoteInfo = Landmarks;
		};
/* End PBXContainerItemProxy section */

/* Begin PBXFileReference section */
		A8055B8D2B37BCE6009FC60F /* LandmarkRow.swift */ = {isa = PBXFileReference; lastKnownFileType = sourcecode.swift; path = LandmarkRow.swift; sourceTree = "<group>"; };
		A8073F062B380C4700EAE3DC /* BadgeBackground.swift */ = {isa = PBXFileReference; lastKnownFileType = sourcecode.swift; path = BadgeBackground.swift; sourceTree = "<group>"; };
		A8073F082B3818BA00EAE3DC /* BadgeSymbol.swift */ = {isa = PBXFileReference; lastKnownFileType = sourcecode.swift; path = BadgeSymbol.swift; sourceTree = "<group>"; };
		A8073F0A2B3834B000EAE3DC /* RotatedBadgeSymbol.swift */ = {isa = PBXFileReference; lastKnownFileType = sourcecode.swift; path = RotatedBadgeSymbol.swift; sourceTree = "<group>"; };
		A8073F0C2B3836C800EAE3DC /* Badge.swift */ = {isa = PBXFileReference; lastKnownFileType = sourcecode.swift; path = Badge.swift; sourceTree = "<group>"; };
		A8073F0F2B3842DC00EAE3DC /* hikeData.json */ = {isa = PBXFileReference; fileEncoding = 4; lastKnownFileType = text.json; path = hikeData.json; sourceTree = "<group>"; };
		A8073F112B38437500EAE3DC /* Hike.swift */ = {isa = PBXFileReference; lastKnownFileType = sourcecode.swift; path = Hike.swift; sourceTree = "<group>"; };
		A8073F142B38473600EAE3DC /* GraphCapsule.swift */ = {isa = PBXFileReference; fileEncoding = 4; lastKnownFileType = sourcecode.swift; path = GraphCapsule.swift; sourceTree = "<group>"; };
		A8073F152B38473600EAE3DC /* HikeGraph.swift */ = {isa = PBXFileReference; fileEncoding = 4; lastKnownFileType = sourcecode.swift; path = HikeGraph.swift; sourceTree = "<group>"; };
		A8073F162B38473600EAE3DC /* HikeDetail.swift */ = {isa = PBXFileReference; fileEncoding = 4; lastKnownFileType = sourcecode.swift; path = HikeDetail.swift; sourceTree = "<group>"; };
		A8073F172B38473600EAE3DC /* HikeView.swift */ = {isa = PBXFileReference; fileEncoding = 4; lastKnownFileType = sourcecode.swift; path = HikeView.swift; sourceTree = "<group>"; };
		A8073F1D2B39178E00EAE3DC /* CategoryHome.swift */ = {isa = PBXFileReference; lastKnownFileType = sourcecode.swift; path = CategoryHome.swift; sourceTree = "<group>"; };
		A8073F212B39273F00EAE3DC /* CategoryRow.swift */ = {isa = PBXFileReference; lastKnownFileType = sourcecode.swift; path = CategoryRow.swift; sourceTree = "<group>"; };
		A8073F232B3933D000EAE3DC /* CategoryItem.swift */ = {isa = PBXFileReference; lastKnownFileType = sourcecode.swift; path = CategoryItem.swift; sourceTree = "<group>"; };
		A8073F252B3944EE00EAE3DC /* Profile.swift */ = {isa = PBXFileReference; lastKnownFileType = sourcecode.swift; path = Profile.swift; sourceTree = "<group>"; };
		A8073F292B3953DB00EAE3DC /* ProfileHost.swift */ = {isa = PBXFileReference; lastKnownFileType = sourcecode.swift; path = ProfileHost.swift; sourceTree = "<group>"; };
		A8073F2B2B39854800EAE3DC /* ProfileSummary.swift */ = {isa = PBXFileReference; lastKnownFileType = sourcecode.swift; path = ProfileSummary.swift; sourceTree = "<group>"; };
		A8073F2D2B39868800EAE3DC /* HikeBadge.swift */ = {isa = PBXFileReference; lastKnownFileType = sourcecode.swift; path = HikeBadge.swift; sourceTree = "<group>"; };
		A8073F2F2B3A7F8800EAE3DC /* ProfileEditor.swift */ = {isa = PBXFileReference; lastKnownFileType = sourcecode.swift; path = ProfileEditor.swift; sourceTree = "<group>"; };
		A8073F312B3A893100EAE3DC /* LICENSE.txt */ = {isa = PBXFileReference; fileEncoding = 4; lastKnownFileType = text; path = LICENSE.txt; sourceTree = "<group>"; };
		A838AB7C2B3DAE3900D18FF5 /* MacLandmarks.app */ = {isa = PBXFileReference; explicitFileType = wrapper.application; includeInIndex = 0; path = MacLandmarks.app; sourceTree = BUILT_PRODUCTS_DIR; };
		A838AB802B3DAE3900D18FF5 /* ContentView.swift */ = {isa = PBXFileReference; lastKnownFileType = sourcecode.swift; path = ContentView.swift; sourceTree = "<group>"; };
		A838AB822B3DAE3B00D18FF5 /* Assets.xcassets */ = {isa = PBXFileReference; lastKnownFileType = folder.assetcatalog; path = Assets.xcassets; sourceTree = "<group>"; };
		A838AB852B3DAE3B00D18FF5 /* Preview Assets.xcassets */ = {isa = PBXFileReference; lastKnownFileType = folder.assetcatalog; path = "Preview Assets.xcassets"; sourceTree = "<group>"; };
		A838AB872B3DAE3B00D18FF5 /* MacLandmarks.entitlements */ = {isa = PBXFileReference; lastKnownFileType = text.plist.entitlements; path = MacLandmarks.entitlements; sourceTree = "<group>"; };
		A838AB982B3DB19300D18FF5 /* LandmarkDetail.swift */ = {isa = PBXFileReference; lastKnownFileType = sourcecode.swift; path = LandmarkDetail.swift; sourceTree = "<group>"; };
		A838AB9B2B3DC92900D18FF5 /* LandmarkList.swift */ = {isa = PBXFileReference; lastKnownFileType = sourcecode.swift; path = LandmarkList.swift; sourceTree = "<group>"; };
		A838AB9F2B3EA1B600D18FF5 /* LandmarkCommands.swift */ = {isa = PBXFileReference; lastKnownFileType = sourcecode.swift; path = LandmarkCommands.swift; sourceTree = "<group>"; };
		A84CAAAD2B37C1DB0047DA13 /* LandmarkList.swift */ = {isa = PBXFileReference; lastKnownFileType = sourcecode.swift; path = LandmarkList.swift; sourceTree = "<group>"; };
		A84CAAAF2B37D1FF0047DA13 /* LandmarkDetail.swift */ = {isa = PBXFileReference; lastKnownFileType = sourcecode.swift; path = LandmarkDetail.swift; sourceTree = "<group>"; };
		A84CAAB12B37F53C0047DA13 /* FavoriteButton.swift */ = {isa = PBXFileReference; lastKnownFileType = sourcecode.swift; path = FavoriteButton.swift; sourceTree = "<group>"; };
		A84CAAB62B38094C0047DA13 /* HexagonParameters.swift */ = {isa = PBXFileReference; lastKnownFileType = sourcecode.swift; path = HexagonParameters.swift; sourceTree = "<group>"; };
		A84FD4132B370993006093F3 /* Landmarks.app */ = {isa = PBXFileReference; explicitFileType = wrapper.application; includeInIndex = 0; path = Landmarks.app; sourceTree = BUILT_PRODUCTS_DIR; };
		A84FD4162B370993006093F3 /* LandmarksApp.swift */ = {isa = PBXFileReference; lastKnownFileType = sourcecode.swift; path = LandmarksApp.swift; sourceTree = "<group>"; };
		A84FD4182B370993006093F3 /* ContentView.swift */ = {isa = PBXFileReference; lastKnownFileType = sourcecode.swift; path = ContentView.swift; sourceTree = "<group>"; };
		A84FD41A2B370995006093F3 /* Assets.xcassets */ = {isa = PBXFileReference; lastKnownFileType = folder.assetcatalog; path = Assets.xcassets; sourceTree = "<group>"; };
		A84FD41D2B370995006093F3 /* Preview Assets.xcassets */ = {isa = PBXFileReference; lastKnownFileType = folder.assetcatalog; path = "Preview Assets.xcassets"; sourceTree = "<group>"; };
		A84FD4242B370F76006093F3 /* CircleImage.swift */ = {isa = PBXFileReference; lastKnownFileType = sourcecode.swift; path = CircleImage.swift; sourceTree = "<group>"; };
		A84FD4262B37107D006093F3 /* MapView.swift */ = {isa = PBXFileReference; lastKnownFileType = sourcecode.swift; path = MapView.swift; sourceTree = "<group>"; };
		A84FD4282B371A09006093F3 /* landmarkData.json */ = {isa = PBXFileReference; fileEncoding = 4; lastKnownFileType = text.json; path = landmarkData.json; sourceTree = "<group>"; };
		A84FD42A2B371A7F006093F3 /* Landmark.swift */ = {isa = PBXFileReference; lastKnownFileType = sourcecode.swift; path = Landmark.swift; sourceTree = "<group>"; };
		A84FD42C2B3721FD006093F3 /* ModelData.swift */ = {isa = PBXFileReference; lastKnownFileType = sourcecode.swift; path = ModelData.swift; sourceTree = "<group>"; };
		A880FE372B3B152B00A3506E /* NotificationView.swift */ = {isa = PBXFileReference; lastKnownFileType = sourcecode.swift; path = NotificationView.swift; sourceTree = "<group>"; };
		A880FE392B3B17DA00A3506E /* NotificationController.swift */ = {isa = PBXFileReference; lastKnownFileType = sourcecode.swift; path = NotificationController.swift; sourceTree = "<group>"; };
		A880FE3B2B3B1FFB00A3506E /* PushNotificationPayload.apns */ = {isa = PBXFileReference; lastKnownFileType = text; path = PushNotificationPayload.apns; sourceTree = "<group>"; };
		A880FE3D2B3B268900A3506E /* MapKit.framework */ = {isa = PBXFileReference; lastKnownFileType = wrapper.framework; name = MapKit.framework; path = Platforms/WatchOS.platform/Developer/SDKs/WatchOS9.1.sdk/System/Library/Frameworks/MapKit.framework; sourceTree = DEVELOPER_DIR; };
		A880FE452B3B270400A3506E /* Info.plist */ = {isa = PBXFileReference; lastKnownFileType = text.plist; path = Info.plist; sourceTree = "<group>"; };
		A8959BCB2B3A952500A32C04 /* PageViewController.swift */ = {isa = PBXFileReference; lastKnownFileType = sourcecode.swift; path = PageViewController.swift; sourceTree = "<group>"; };
		A8959BCD2B3A9BA700A32C04 /* FeatureCard.swift */ = {isa = PBXFileReference; lastKnownFileType = sourcecode.swift; path = FeatureCard.swift; sourceTree = "<group>"; };
		A8959BCF2B3A9F0600A32C04 /* PageView.swift */ = {isa = PBXFileReference; lastKnownFileType = sourcecode.swift; path = PageView.swift; sourceTree = "<group>"; };
		A8959BD12B3ADF9000A32C04 /* PageControl.swift */ = {isa = PBXFileReference; lastKnownFileType = sourcecode.swift; path = PageControl.swift; sourceTree = "<group>"; };
		A8959BD72B3AF15700A32C04 /* WatchLandmarks.app */ = {isa = PBXFileReference; explicitFileType = wrapper.application; includeInIndex = 0; path = WatchLandmarks.app; sourceTree = BUILT_PRODUCTS_DIR; };
		A8959BDB2B3AF15700A32C04 /* ContentView.swift */ = {isa = PBXFileReference; lastKnownFileType = sourcecode.swift; path = ContentView.swift; sourceTree = "<group>"; };
		A8959BDD2B3AF15900A32C04 /* Assets.xcassets */ = {isa = PBXFileReference; lastKnownFileType = folder.assetcatalog; path = Assets.xcassets; sourceTree = "<group>"; };
		A8959BE02B3AF15900A32C04 /* Preview Assets.xcassets */ = {isa = PBXFileReference; lastKnownFileType = folder.assetcatalog; path = "Preview Assets.xcassets"; sourceTree = "<group>"; };
		A8959BF22B3B012C00A32C04 /* LandmarkDetail.swift */ = {isa = PBXFileReference; lastKnownFileType = sourcecode.swift; path = LandmarkDetail.swift; sourceTree = "<group>"; };
		A8C82DAC2B3EFF8300E54AFC /* LandmarkSettings.swift */ = {isa = PBXFileReference; lastKnownFileType = sourcecode.swift; path = LandmarkSettings.swift; sourceTree = "<group>"; };
/* End PBXFileReference section */

/* Begin PBXFrameworksBuildPhase section */
		A838AB792B3DAE3900D18FF5 /* Frameworks */ = {
			isa = PBXFrameworksBuildPhase;
			buildActionMask = 2147483647;
			files = (
			);
			runOnlyForDeploymentPostprocessing = 0;
		};
		A84FD4102B370993006093F3 /* Frameworks */ = {
			isa = PBXFrameworksBuildPhase;
			buildActionMask = 2147483647;
			files = (
			);
			runOnlyForDeploymentPostprocessing = 0;
		};
		A8959BD42B3AF15700A32C04 /* Frameworks */ = {
			isa = PBXFrameworksBuildPhase;
			buildActionMask = 2147483647;
			files = (
			);
			runOnlyForDeploymentPostprocessing = 0;
		};
/* End PBXFrameworksBuildPhase section */

/* Begin PBXGroup section */
		A8055B8A2B37BB8E009FC60F /* Model */ = {
			isa = PBXGroup;
			children = (
				A84FD42C2B3721FD006093F3 /* ModelData.swift */,
				A84FD42A2B371A7F006093F3 /* Landmark.swift */,
				A8073F112B38437500EAE3DC /* Hike.swift */,
				A8073F252B3944EE00EAE3DC /* Profile.swift */,
			);
			path = Model;
			sourceTree = "<group>";
		};
		A8055B8B2B37BB99009FC60F /* View */ = {
			isa = PBXGroup;
			children = (
				A84FD4182B370993006093F3 /* ContentView.swift */,
				A8959BCA2B3A94FE00A32C04 /* PageView */,
				A8073F282B39537C00EAE3DC /* Landmark */,
				A8073F272B39536000EAE3DC /* Profiles */,
				A8073F1C2B39177700EAE3DC /* Categories */,
				A8073F132B38473600EAE3DC /* Hikes */,
				A8073F0E2B383C6300EAE3DC /* Badge */,
				A84CAAB32B37F6D00047DA13 /* Helper */,
			);
			path = View;
			sourceTree = "<group>";
		};
		A8055B8C2B37BB9F009FC60F /* Resources */ = {
			isa = PBXGroup;
			children = (
				A8073F0F2B3842DC00EAE3DC /* hikeData.json */,
				A84FD4282B371A09006093F3 /* landmarkData.json */,
			);
			path = Resources;
			sourceTree = "<group>";
		};
		A8073F0E2B383C6300EAE3DC /* Badge */ = {
			isa = PBXGroup;
			children = (
				A8073F0C2B3836C800EAE3DC /* Badge.swift */,
				A8073F082B3818BA00EAE3DC /* BadgeSymbol.swift */,
				A8073F062B380C4700EAE3DC /* BadgeBackground.swift */,
				A84CAAB62B38094C0047DA13 /* HexagonParameters.swift */,
				A8073F0A2B3834B000EAE3DC /* RotatedBadgeSymbol.swift */,
			);
			path = Badge;
			sourceTree = "<group>";
		};
		A8073F132B38473600EAE3DC /* Hikes */ = {
			isa = PBXGroup;
			children = (
				A8073F172B38473600EAE3DC /* HikeView.swift */,
				A8073F162B38473600EAE3DC /* HikeDetail.swift */,
				A8073F152B38473600EAE3DC /* HikeGraph.swift */,
				A8073F142B38473600EAE3DC /* GraphCapsule.swift */,
				A8073F2D2B39868800EAE3DC /* HikeBadge.swift */,
			);
			path = Hikes;
			sourceTree = "<group>";
		};
		A8073F1C2B39177700EAE3DC /* Categories */ = {
			isa = PBXGroup;
			children = (
				A8073F1D2B39178E00EAE3DC /* CategoryHome.swift */,
				A8073F212B39273F00EAE3DC /* CategoryRow.swift */,
				A8073F232B3933D000EAE3DC /* CategoryItem.swift */,
			);
			path = Categories;
			sourceTree = "<group>";
		};
		A8073F272B39536000EAE3DC /* Profiles */ = {
			isa = PBXGroup;
			children = (
				A8073F292B3953DB00EAE3DC /* ProfileHost.swift */,
				A8073F2B2B39854800EAE3DC /* ProfileSummary.swift */,
				A8073F2F2B3A7F8800EAE3DC /* ProfileEditor.swift */,
			);
			path = Profiles;
			sourceTree = "<group>";
		};
		A8073F282B39537C00EAE3DC /* Landmark */ = {
			isa = PBXGroup;
			children = (
				A84CAAAD2B37C1DB0047DA13 /* LandmarkList.swift */,
				A8055B8D2B37BCE6009FC60F /* LandmarkRow.swift */,
				A84CAAAF2B37D1FF0047DA13 /* LandmarkDetail.swift */,
			);
			path = Landmark;
			sourceTree = "<group>";
		};
		A8073F332B3A894F00EAE3DC /* LICENSE */ = {
			isa = PBXGroup;
			children = (
				A8073F312B3A893100EAE3DC /* LICENSE.txt */,
			);
			path = LICENSE;
			sourceTree = "<group>";
		};
		A838AB7D2B3DAE3900D18FF5 /* MacLandmarks */ = {
			isa = PBXGroup;
			children = (
				A838AB802B3DAE3900D18FF5 /* ContentView.swift */,
				A838AB982B3DB19300D18FF5 /* LandmarkDetail.swift */,
				A838AB9F2B3EA1B600D18FF5 /* LandmarkCommands.swift */,
				A8C82DAC2B3EFF8300E54AFC /* LandmarkSettings.swift */,
				A838AB822B3DAE3B00D18FF5 /* Assets.xcassets */,
				A838AB872B3DAE3B00D18FF5 /* MacLandmarks.entitlements */,
				A838AB842B3DAE3B00D18FF5 /* Preview Content */,
			);
			path = MacLandmarks;
			sourceTree = "<group>";
		};
		A838AB842B3DAE3B00D18FF5 /* Preview Content */ = {
			isa = PBXGroup;
			children = (
				A838AB852B3DAE3B00D18FF5 /* Preview Assets.xcassets */,
			);
			path = "Preview Content";
			sourceTree = "<group>";
		};
		A84CAAB32B37F6D00047DA13 /* Helper */ = {
			isa = PBXGroup;
			children = (
				A84FD4242B370F76006093F3 /* CircleImage.swift */,
				A84FD4262B37107D006093F3 /* MapView.swift */,
				A84CAAB12B37F53C0047DA13 /* FavoriteButton.swift */,
			);
			path = Helper;
			sourceTree = "<group>";
		};
		A84FD40A2B370993006093F3 = {
			isa = PBXGroup;
			children = (
				A84FD4152B370993006093F3 /* Landmarks */,
				A8959BD82B3AF15700A32C04 /* WatchLandmarks */,
				A838AB7D2B3DAE3900D18FF5 /* MacLandmarks */,
				A8073F332B3A894F00EAE3DC /* LICENSE */,
				A84FD4142B370993006093F3 /* Products */,
				A880FE3C2B3B268900A3506E /* Frameworks */,
			);
			sourceTree = "<group>";
		};
		A84FD4142B370993006093F3 /* Products */ = {
			isa = PBXGroup;
			children = (
				A84FD4132B370993006093F3 /* Landmarks.app */,
				A8959BD72B3AF15700A32C04 /* WatchLandmarks.app */,
				A838AB7C2B3DAE3900D18FF5 /* MacLandmarks.app */,
			);
			name = Products;
			sourceTree = "<group>";
		};
		A84FD4152B370993006093F3 /* Landmarks */ = {
			isa = PBXGroup;
			children = (
				A8055B8A2B37BB8E009FC60F /* Model */,
				A8055B8B2B37BB99009FC60F /* View */,
				A8055B8C2B37BB9F009FC60F /* Resources */,
				A84FD4162B370993006093F3 /* LandmarksApp.swift */,
				A84FD41A2B370995006093F3 /* Assets.xcassets */,
				A84FD41C2B370995006093F3 /* Preview Content */,
			);
			path = Landmarks;
			sourceTree = "<group>";
		};
		A84FD41C2B370995006093F3 /* Preview Content */ = {
			isa = PBXGroup;
			children = (
				A84FD41D2B370995006093F3 /* Preview Assets.xcassets */,
			);
			path = "Preview Content";
			sourceTree = "<group>";
		};
		A880FE3C2B3B268900A3506E /* Frameworks */ = {
			isa = PBXGroup;
			children = (
				A880FE3D2B3B268900A3506E /* MapKit.framework */,
			);
			name = Frameworks;
			sourceTree = "<group>";
		};
		A8959BCA2B3A94FE00A32C04 /* PageView */ = {
			isa = PBXGroup;
			children = (
				A8959BCF2B3A9F0600A32C04 /* PageView.swift */,
				A8959BCD2B3A9BA700A32C04 /* FeatureCard.swift */,
				A8959BCB2B3A952500A32C04 /* PageViewController.swift */,
				A8959BD12B3ADF9000A32C04 /* PageControl.swift */,
			);
			path = PageView;
			sourceTree = "<group>";
		};
		A8959BD82B3AF15700A32C04 /* WatchLandmarks */ = {
			isa = PBXGroup;
			children = (
				A880FE452B3B270400A3506E /* Info.plist */,
				A8959BDB2B3AF15700A32C04 /* ContentView.swift */,
				A838AB9B2B3DC92900D18FF5 /* LandmarkList.swift */,
				A8959BF22B3B012C00A32C04 /* LandmarkDetail.swift */,
				A880FE372B3B152B00A3506E /* NotificationView.swift */,
				A880FE392B3B17DA00A3506E /* NotificationController.swift */,
				A8959BDD2B3AF15900A32C04 /* Assets.xcassets */,
				A880FE3B2B3B1FFB00A3506E /* PushNotificationPayload.apns */,
				A8959BDF2B3AF15900A32C04 /* Preview Content */,
			);
			path = WatchLandmarks;
			sourceTree = "<group>";
		};
		A8959BDF2B3AF15900A32C04 /* Preview Content */ = {
			isa = PBXGroup;
			children = (
				A8959BE02B3AF15900A32C04 /* Preview Assets.xcassets */,
			);
			path = "Preview Content";
			sourceTree = "<group>";
		};
/* End PBXGroup section */

/* Begin PBXNativeTarget section */
		A838AB7B2B3DAE3900D18FF5 /* MacLandmarks */ = {
			isa = PBXNativeTarget;
			buildConfigurationList = A838AB882B3DAE3B00D18FF5 /* Build configuration list for PBXNativeTarget "MacLandmarks" */;
			buildPhases = (
				A838AB782B3DAE3900D18FF5 /* Sources */,
				A838AB792B3DAE3900D18FF5 /* Frameworks */,
				A838AB7A2B3DAE3900D18FF5 /* Resources */,
			);
			buildRules = (
			);
			dependencies = (
			);
			name = MacLandmarks;
			productName = MacLandmarks;
			productReference = A838AB7C2B3DAE3900D18FF5 /* MacLandmarks.app */;
			productType = "com.apple.product-type.application";
		};
		A84FD4122B370993006093F3 /* Landmarks */ = {
			isa = PBXNativeTarget;
			buildConfigurationList = A84FD4212B370995006093F3 /* Build configuration list for PBXNativeTarget "Landmarks" */;
			buildPhases = (
				A84FD40F2B370993006093F3 /* Sources */,
				A84FD4102B370993006093F3 /* Frameworks */,
				A84FD4112B370993006093F3 /* Resources */,
			);
			buildRules = (
			);
			dependencies = (
			);
			name = Landmarks;
			productName = Landmarks;
			productReference = A84FD4132B370993006093F3 /* Landmarks.app */;
			productType = "com.apple.product-type.application";
		};
		A8959BD62B3AF15700A32C04 /* WatchLandmarks */ = {
			isa = PBXNativeTarget;
			buildConfigurationList = A8959BE22B3AF15900A32C04 /* Build configuration list for PBXNativeTarget "WatchLandmarks" */;
			buildPhases = (
				A8959BD32B3AF15700A32C04 /* Sources */,
				A8959BD42B3AF15700A32C04 /* Frameworks */,
				A8959BD52B3AF15700A32C04 /* Resources */,
			);
			buildRules = (
			);
			dependencies = (
				A880FE482B3B270C00A3506E /* PBXTargetDependency */,
				A880FE4A2B3B271100A3506E /* PBXTargetDependency */,
			);
			name = WatchLandmarks;
			productName = "WatchLandmarks Watch App";
			productReference = A8959BD72B3AF15700A32C04 /* WatchLandmarks.app */;
			productType = "com.apple.product-type.application";
		};
/* End PBXNativeTarget section */

/* Begin PBXProject section */
		A84FD40B2B370993006093F3 /* Project object */ = {
			isa = PBXProject;
			attributes = {
				BuildIndependentTargetsInParallel = 1;
				LastSwiftUpdateCheck = 1420;
				LastUpgradeCheck = 1420;
				TargetAttributes = {
					A838AB7B2B3DAE3900D18FF5 = {
						CreatedOnToolsVersion = 14.2;
					};
					A84FD4122B370993006093F3 = {
						CreatedOnToolsVersion = 14.2;
					};
					A8959BD62B3AF15700A32C04 = {
						CreatedOnToolsVersion = 14.2;
					};
				};
			};
			buildConfigurationList = A84FD40E2B370993006093F3 /* Build configuration list for PBXProject "Landmarks" */;
			compatibilityVersion = "Xcode 14.0";
			developmentRegion = en;
			hasScannedForEncodings = 0;
			knownRegions = (
				en,
				Base,
			);
			mainGroup = A84FD40A2B370993006093F3;
			productRefGroup = A84FD4142B370993006093F3 /* Products */;
			projectDirPath = "";
			projectRoot = "";
			targets = (
				A84FD4122B370993006093F3 /* Landmarks */,
				A8959BD62B3AF15700A32C04 /* WatchLandmarks */,
				A838AB7B2B3DAE3900D18FF5 /* MacLandmarks */,
			);
		};
/* End PBXProject section */

/* Begin PBXResourcesBuildPhase section */
		A838AB7A2B3DAE3900D18FF5 /* Resources */ = {
			isa = PBXResourcesBuildPhase;
			buildActionMask = 2147483647;
			files = (
				A838AB902B3DAF9600D18FF5 /* hikeData.json in Resources */,
				A838AB862B3DAE3B00D18FF5 /* Preview Assets.xcassets in Resources */,
				A838AB832B3DAE3B00D18FF5 /* Assets.xcassets in Resources */,
				A838AB8C2B3DAF9600D18FF5 /* landmarkData.json in Resources */,
				A838AB932B3DAF9600D18FF5 /* Assets.xcassets in Resources */,
			);
			runOnlyForDeploymentPostprocessing = 0;
		};
		A84FD4112B370993006093F3 /* Resources */ = {
			isa = PBXResourcesBuildPhase;
			buildActionMask = 2147483647;
			files = (
				A8073F102B3842DC00EAE3DC /* hikeData.json in Resources */,
				A84FD41E2B370995006093F3 /* Preview Assets.xcassets in Resources */,
				A84FD41B2B370995006093F3 /* Assets.xcassets in Resources */,
				A8073F322B3A893200EAE3DC /* LICENSE.txt in Resources */,
				A84FD4292B371A09006093F3 /* landmarkData.json in Resources */,
			);
			runOnlyForDeploymentPostprocessing = 0;
		};
		A8959BD52B3AF15700A32C04 /* Resources */ = {
			isa = PBXResourcesBuildPhase;
			buildActionMask = 2147483647;
			files = (
				A8959BEC2B3B006300A32C04 /* hikeData.json in Resources */,
				A8959BE12B3AF15900A32C04 /* Preview Assets.xcassets in Resources */,
				A8959BDE2B3AF15900A32C04 /* Assets.xcassets in Resources */,
				A880FE462B3B270C00A3506E /* Landmarks.app in Resources */,
				A8959BE72B3B006300A32C04 /* landmarkData.json in Resources */,
				A8959BED2B3B006300A32C04 /* Assets.xcassets in Resources */,
			);
			runOnlyForDeploymentPostprocessing = 0;
		};
/* End PBXResourcesBuildPhase section */

/* Begin PBXSourcesBuildPhase section */
		A838AB782B3DAE3900D18FF5 /* Sources */ = {
			isa = PBXSourcesBuildPhase;
			buildActionMask = 2147483647;
			files = (
				A838AB8F2B3DAF9600D18FF5 /* Hike.swift in Sources */,
				A838AB942B3DAF9600D18FF5 /* MapView.swift in Sources */,
				A8C82DAD2B3EFF8300E54AFC /* LandmarkSettings.swift in Sources */,
				A838AB912B3DAF9600D18FF5 /* LandmarksApp.swift in Sources */,
				A838AB962B3DAF9600D18FF5 /* FavoriteButton.swift in Sources */,
				A838ABA12B3EA1B600D18FF5 /* LandmarkCommands.swift in Sources */,
				A838AB992B3DB19300D18FF5 /* LandmarkDetail.swift in Sources */,
				A838AB9A2B3DB6C900D18FF5 /* ModelData.swift in Sources */,
				A838AB812B3DAE3900D18FF5 /* ContentView.swift in Sources */,
				A838AB922B3DAF9600D18FF5 /* LandmarkList.swift in Sources */,
				A838AB8E2B3DAF9600D18FF5 /* CircleImage.swift in Sources */,
				A838AB8B2B3DAF9600D18FF5 /* Landmark.swift in Sources */,
				A838AB972B3DAF9600D18FF5 /* Profile.swift in Sources */,
				A838AB952B3DAF9600D18FF5 /* LandmarkRow.swift in Sources */,
			);
			runOnlyForDeploymentPostprocessing = 0;
		};
		A84FD40F2B370993006093F3 /* Sources */ = {
			isa = PBXSourcesBuildPhase;
			buildActionMask = 2147483647;
			files = (
				A8073F222B39273F00EAE3DC /* CategoryRow.swift in Sources */,
				A8073F262B3944EE00EAE3DC /* Profile.swift in Sources */,
				A84FD4192B370993006093F3 /* ContentView.swift in Sources */,
				A8073F1E2B39178E00EAE3DC /* CategoryHome.swift in Sources */,
				A8959BCE2B3A9BA700A32C04 /* FeatureCard.swift in Sources */,
				A8073F192B38473600EAE3DC /* HikeGraph.swift in Sources */,
				A8073F0D2B3836C800EAE3DC /* Badge.swift in Sources */,
				A84FD4272B37107D006093F3 /* MapView.swift in Sources */,
				A8073F182B38473600EAE3DC /* GraphCapsule.swift in Sources */,
				A84FD4172B370993006093F3 /* LandmarksApp.swift in Sources */,
				A8959BD22B3ADF9000A32C04 /* PageControl.swift in Sources */,
				A84CAAB22B37F53C0047DA13 /* FavoriteButton.swift in Sources */,
				A8073F242B3933D000EAE3DC /* CategoryItem.swift in Sources */,
				A8073F1A2B38473600EAE3DC /* HikeDetail.swift in Sources */,
				A8073F2C2B39854800EAE3DC /* ProfileSummary.swift in Sources */,
				A84CAAB72B38094C0047DA13 /* HexagonParameters.swift in Sources */,
				A8073F2A2B3953DB00EAE3DC /* ProfileHost.swift in Sources */,
				A8073F122B38437500EAE3DC /* Hike.swift in Sources */,
				A8073F0B2B3834B000EAE3DC /* RotatedBadgeSymbol.swift in Sources */,
				A8959BD02B3A9F0600A32C04 /* PageView.swift in Sources */,
				A8073F092B3818BA00EAE3DC /* BadgeSymbol.swift in Sources */,
				A8073F302B3A7F8800EAE3DC /* ProfileEditor.swift in Sources */,
				A84CAAAE2B37C1DB0047DA13 /* LandmarkList.swift in Sources */,
				A8073F1B2B38473600EAE3DC /* HikeView.swift in Sources */,
				A84CAAB02B37D1FF0047DA13 /* LandmarkDetail.swift in Sources */,
				A8959BCC2B3A952500A32C04 /* PageViewController.swift in Sources */,
				A8073F072B380C4700EAE3DC /* BadgeBackground.swift in Sources */,
				A8073F2E2B39868800EAE3DC /* HikeBadge.swift in Sources */,
				A84FD4252B370F76006093F3 /* CircleImage.swift in Sources */,
				A84FD42B2B371A7F006093F3 /* Landmark.swift in Sources */,
				A8055B8E2B37BCE6009FC60F /* LandmarkRow.swift in Sources */,
				A84FD42D2B3721FD006093F3 /* ModelData.swift in Sources */,
			);
			runOnlyForDeploymentPostprocessing = 0;
		};
		A8959BD32B3AF15700A32C04 /* Sources */ = {
			isa = PBXSourcesBuildPhase;
			buildActionMask = 2147483647;
			files = (
				A8959BEA2B3B006300A32C04 /* Hike.swift in Sources */,
				A8959BDC2B3AF15700A32C04 /* ContentView.swift in Sources */,
				A8959BE92B3B006300A32C04 /* MapView.swift in Sources */,
				A8959BE52B3B006300A32C04 /* CircleImage.swift in Sources */,
				A838AB9C2B3DC92900D18FF5 /* LandmarkList.swift in Sources */,
				A8959BEE2B3B006300A32C04 /* ModelData.swift in Sources */,
				A8959BEB2B3B006300A32C04 /* LandmarkRow.swift in Sources */,
				A8959BEF2B3B006300A32C04 /* Profile.swift in Sources */,
				A8959BE82B3B006300A32C04 /* LandmarksApp.swift in Sources */,
				A880FE3A2B3B17DA00A3506E /* NotificationController.swift in Sources */,
				A8959BF02B3B006300A32C04 /* Landmark.swift in Sources */,
				A8959BF32B3B012C00A32C04 /* LandmarkDetail.swift in Sources */,
				A880FE382B3B152B00A3506E /* NotificationView.swift in Sources */,
			);
			runOnlyForDeploymentPostprocessing = 0;
		};
/* End PBXSourcesBuildPhase section */

/* Begin PBXTargetDependency section */
		A880FE482B3B270C00A3506E /* PBXTargetDependency */ = {
			isa = PBXTargetDependency;
			target = A84FD4122B370993006093F3 /* Landmarks */;
			targetProxy = A880FE472B3B270C00A3506E /* PBXContainerItemProxy */;
		};
		A880FE4A2B3B271100A3506E /* PBXTargetDependency */ = {
			isa = PBXTargetDependency;
			target = A84FD4122B370993006093F3 /* Landmarks */;
			targetProxy = A880FE492B3B271100A3506E /* PBXContainerItemProxy */;
		};
/* End PBXTargetDependency section */

/* Begin XCBuildConfiguration section */
		A838AB892B3DAE3B00D18FF5 /* Debug */ = {
			isa = XCBuildConfiguration;
			buildSettings = {
				ASSETCATALOG_COMPILER_APPICON_NAME = AppIcon;
				ASSETCATALOG_COMPILER_GLOBAL_ACCENT_COLOR_NAME = AccentColor;
				CODE_SIGN_ENTITLEMENTS = MacLandmarks/MacLandmarks.entitlements;
				CODE_SIGN_STYLE = Automatic;
				COMBINE_HIDPI_IMAGES = YES;
				CURRENT_PROJECT_VERSION = 1;
				DEVELOPMENT_ASSET_PATHS = "\"MacLandmarks/Preview Content\"";
				DEVELOPMENT_TEAM = 4HUQG76MS8;
				ENABLE_HARDENED_RUNTIME = YES;
				ENABLE_PREVIEWS = YES;
				GENERATE_INFOPLIST_FILE = YES;
				INFOPLIST_KEY_NSHumanReadableCopyright = "";
				LD_RUNPATH_SEARCH_PATHS = (
					"$(inherited)",
					"@executable_path/../Frameworks",
				);
				MACOSX_DEPLOYMENT_TARGET = 12.0;
				MARKETING_VERSION = 1.0;
				PRODUCT_BUNDLE_IDENTIFIER = com.tirlarim.MacLandmarks;
				PRODUCT_NAME = "$(TARGET_NAME)";
				SDKROOT = macosx;
				SWIFT_EMIT_LOC_STRINGS = YES;
				SWIFT_VERSION = 5.0;
			};
			name = Debug;
		};
		A838AB8A2B3DAE3B00D18FF5 /* Release */ = {
			isa = XCBuildConfiguration;
			buildSettings = {
				ASSETCATALOG_COMPILER_APPICON_NAME = AppIcon;
				ASSETCATALOG_COMPILER_GLOBAL_ACCENT_COLOR_NAME = AccentColor;
				CODE_SIGN_ENTITLEMENTS = MacLandmarks/MacLandmarks.entitlements;
				CODE_SIGN_STYLE = Automatic;
				COMBINE_HIDPI_IMAGES = YES;
				CURRENT_PROJECT_VERSION = 1;
				DEVELOPMENT_ASSET_PATHS = "\"MacLandmarks/Preview Content\"";
				DEVELOPMENT_TEAM = 4HUQG76MS8;
				ENABLE_HARDENED_RUNTIME = YES;
				ENABLE_PREVIEWS = YES;
				GENERATE_INFOPLIST_FILE = YES;
				INFOPLIST_KEY_NSHumanReadableCopyright = "";
				LD_RUNPATH_SEARCH_PATHS = (
					"$(inherited)",
					"@executable_path/../Frameworks",
				);
				MACOSX_DEPLOYMENT_TARGET = 12.0;
				MARKETING_VERSION = 1.0;
				PRODUCT_BUNDLE_IDENTIFIER = com.tirlarim.MacLandmarks;
				PRODUCT_NAME = "$(TARGET_NAME)";
				SDKROOT = macosx;
				SWIFT_EMIT_LOC_STRINGS = YES;
				SWIFT_VERSION = 5.0;
			};
			name = Release;
		};
		A84FD41F2B370995006093F3 /* Debug */ = {
			isa = XCBuildConfiguration;
			buildSettings = {
				ALWAYS_SEARCH_USER_PATHS = NO;
				CLANG_ANALYZER_NONNULL = YES;
				CLANG_ANALYZER_NUMBER_OBJECT_CONVERSION = YES_AGGRESSIVE;
				CLANG_CXX_LANGUAGE_STANDARD = "gnu++20";
				CLANG_ENABLE_MODULES = YES;
				CLANG_ENABLE_OBJC_ARC = YES;
				CLANG_ENABLE_OBJC_WEAK = YES;
				CLANG_WARN_BLOCK_CAPTURE_AUTORELEASING = YES;
				CLANG_WARN_BOOL_CONVERSION = YES;
				CLANG_WARN_COMMA = YES;
				CLANG_WARN_CONSTANT_CONVERSION = YES;
				CLANG_WARN_DEPRECATED_OBJC_IMPLEMENTATIONS = YES;
				CLANG_WARN_DIRECT_OBJC_ISA_USAGE = YES_ERROR;
				CLANG_WARN_DOCUMENTATION_COMMENTS = YES;
				CLANG_WARN_EMPTY_BODY = YES;
				CLANG_WARN_ENUM_CONVERSION = YES;
				CLANG_WARN_INFINITE_RECURSION = YES;
				CLANG_WARN_INT_CONVERSION = YES;
				CLANG_WARN_NON_LITERAL_NULL_CONVERSION = YES;
				CLANG_WARN_OBJC_IMPLICIT_RETAIN_SELF = YES;
				CLANG_WARN_OBJC_LITERAL_CONVERSION = YES;
				CLANG_WARN_OBJC_ROOT_CLASS = YES_ERROR;
				CLANG_WARN_QUOTED_INCLUDE_IN_FRAMEWORK_HEADER = YES;
				CLANG_WARN_RANGE_LOOP_ANALYSIS = YES;
				CLANG_WARN_STRICT_PROTOTYPES = YES;
				CLANG_WARN_SUSPICIOUS_MOVE = YES;
				CLANG_WARN_UNGUARDED_AVAILABILITY = YES_AGGRESSIVE;
				CLANG_WARN_UNREACHABLE_CODE = YES;
				CLANG_WARN__DUPLICATE_METHOD_MATCH = YES;
				COPY_PHASE_STRIP = NO;
				DEBUG_INFORMATION_FORMAT = dwarf;
				ENABLE_STRICT_OBJC_MSGSEND = YES;
				ENABLE_TESTABILITY = YES;
				GCC_C_LANGUAGE_STANDARD = gnu11;
				GCC_DYNAMIC_NO_PIC = NO;
				GCC_NO_COMMON_BLOCKS = YES;
				GCC_OPTIMIZATION_LEVEL = 0;
				GCC_PREPROCESSOR_DEFINITIONS = (
					"DEBUG=1",
					"$(inherited)",
				);
				GCC_WARN_64_TO_32_BIT_CONVERSION = YES;
				GCC_WARN_ABOUT_RETURN_TYPE = YES_ERROR;
				GCC_WARN_UNDECLARED_SELECTOR = YES;
				GCC_WARN_UNINITIALIZED_AUTOS = YES_AGGRESSIVE;
				GCC_WARN_UNUSED_FUNCTION = YES;
				GCC_WARN_UNUSED_VARIABLE = YES;
				IPHONEOS_DEPLOYMENT_TARGET = 16.2;
				MTL_ENABLE_DEBUG_INFO = INCLUDE_SOURCE;
				MTL_FAST_MATH = YES;
				ONLY_ACTIVE_ARCH = YES;
				SDKROOT = iphoneos;
				SWIFT_ACTIVE_COMPILATION_CONDITIONS = DEBUG;
				SWIFT_OPTIMIZATION_LEVEL = "-Onone";
				WATCHOS_DEPLOYMENT_TARGET = 9.1;
			};
			name = Debug;
		};
		A84FD4202B370995006093F3 /* Release */ = {
			isa = XCBuildConfiguration;
			buildSettings = {
				ALWAYS_SEARCH_USER_PATHS = NO;
				CLANG_ANALYZER_NONNULL = YES;
				CLANG_ANALYZER_NUMBER_OBJECT_CONVERSION = YES_AGGRESSIVE;
				CLANG_CXX_LANGUAGE_STANDARD = "gnu++20";
				CLANG_ENABLE_MODULES = YES;
				CLANG_ENABLE_OBJC_ARC = YES;
				CLANG_ENABLE_OBJC_WEAK = YES;
				CLANG_WARN_BLOCK_CAPTURE_AUTORELEASING = YES;
				CLANG_WARN_BOOL_CONVERSION = YES;
				CLANG_WARN_COMMA = YES;
				CLANG_WARN_CONSTANT_CONVERSION = YES;
				CLANG_WARN_DEPRECATED_OBJC_IMPLEMENTATIONS = YES;
				CLANG_WARN_DIRECT_OBJC_ISA_USAGE = YES_ERROR;
				CLANG_WARN_DOCUMENTATION_COMMENTS = YES;
				CLANG_WARN_EMPTY_BODY = YES;
				CLANG_WARN_ENUM_CONVERSION = YES;
				CLANG_WARN_INFINITE_RECURSION = YES;
				CLANG_WARN_INT_CONVERSION = YES;
				CLANG_WARN_NON_LITERAL_NULL_CONVERSION = YES;
				CLANG_WARN_OBJC_IMPLICIT_RETAIN_SELF = YES;
				CLANG_WARN_OBJC_LITERAL_CONVERSION = YES;
				CLANG_WARN_OBJC_ROOT_CLASS = YES_ERROR;
				CLANG_WARN_QUOTED_INCLUDE_IN_FRAMEWORK_HEADER = YES;
				CLANG_WARN_RANGE_LOOP_ANALYSIS = YES;
				CLANG_WARN_STRICT_PROTOTYPES = YES;
				CLANG_WARN_SUSPICIOUS_MOVE = YES;
				CLANG_WARN_UNGUARDED_AVAILABILITY = YES_AGGRESSIVE;
				CLANG_WARN_UNREACHABLE_CODE = YES;
				CLANG_WARN__DUPLICATE_METHOD_MATCH = YES;
				COPY_PHASE_STRIP = NO;
				DEBUG_INFORMATION_FORMAT = "dwarf-with-dsym";
				ENABLE_NS_ASSERTIONS = NO;
				ENABLE_STRICT_OBJC_MSGSEND = YES;
				GCC_C_LANGUAGE_STANDARD = gnu11;
				GCC_NO_COMMON_BLOCKS = YES;
				GCC_OPTIMIZATION_LEVEL = fast;
				GCC_WARN_64_TO_32_BIT_CONVERSION = YES;
				GCC_WARN_ABOUT_RETURN_TYPE = YES_ERROR;
				GCC_WARN_UNDECLARED_SELECTOR = YES;
				GCC_WARN_UNINITIALIZED_AUTOS = YES_AGGRESSIVE;
				GCC_WARN_UNUSED_FUNCTION = YES;
				GCC_WARN_UNUSED_VARIABLE = YES;
				IPHONEOS_DEPLOYMENT_TARGET = 16.2;
				MTL_ENABLE_DEBUG_INFO = NO;
				MTL_FAST_MATH = YES;
				SDKROOT = iphoneos;
				SWIFT_COMPILATION_MODE = wholemodule;
				SWIFT_OPTIMIZATION_LEVEL = "-O";
				VALIDATE_PRODUCT = YES;
				WATCHOS_DEPLOYMENT_TARGET = 9.1;
			};
			name = Release;
		};
		A84FD4222B370995006093F3 /* Debug */ = {
			isa = XCBuildConfiguration;
			buildSettings = {
				ASSETCATALOG_COMPILER_APPICON_NAME = AppIcon;
				ASSETCATALOG_COMPILER_GLOBAL_ACCENT_COLOR_NAME = AccentColor;
				CODE_SIGN_STYLE = Automatic;
				CURRENT_PROJECT_VERSION = 1;
				DEVELOPMENT_ASSET_PATHS = "\"Landmarks/Preview Content\"";
				DEVELOPMENT_TEAM = 4HUQG76MS8;
				ENABLE_PREVIEWS = YES;
				GENERATE_INFOPLIST_FILE = YES;
				INFOPLIST_KEY_UIApplicationSceneManifest_Generation = YES;
				INFOPLIST_KEY_UIApplicationSupportsIndirectInputEvents = YES;
				INFOPLIST_KEY_UILaunchScreen_Generation = YES;
				INFOPLIST_KEY_UISupportedInterfaceOrientations_iPad = "UIInterfaceOrientationPortrait UIInterfaceOrientationPortraitUpsideDown UIInterfaceOrientationLandscapeLeft UIInterfaceOrientationLandscapeRight";
				INFOPLIST_KEY_UISupportedInterfaceOrientations_iPhone = "UIInterfaceOrientationPortrait UIInterfaceOrientationLandscapeLeft UIInterfaceOrientationLandscapeRight";
				IPHONEOS_DEPLOYMENT_TARGET = 16.0;
				LD_RUNPATH_SEARCH_PATHS = (
					"$(inherited)",
					"@executable_path/Frameworks",
				);
				MARKETING_VERSION = 1.0;
				PRODUCT_BUNDLE_IDENTIFIER = com.tirlarim.Landmarks;
				PRODUCT_NAME = "$(TARGET_NAME)";
				SUPPORTED_PLATFORMS = "iphoneos iphonesimulator";
				SUPPORTS_MACCATALYST = NO;
				SUPPORTS_MAC_DESIGNED_FOR_IPHONE_IPAD = NO;
				SWIFT_EMIT_LOC_STRINGS = YES;
				SWIFT_VERSION = 5.0;
				TARGETED_DEVICE_FAMILY = "1,2";
			};
			name = Debug;
		};
		A84FD4232B370995006093F3 /* Release */ = {
			isa = XCBuildConfiguration;
			buildSettings = {
				ASSETCATALOG_COMPILER_APPICON_NAME = AppIcon;
				ASSETCATALOG_COMPILER_GLOBAL_ACCENT_COLOR_NAME = AccentColor;
				CODE_SIGN_STYLE = Automatic;
				CURRENT_PROJECT_VERSION = 1;
				DEVELOPMENT_ASSET_PATHS = "\"Landmarks/Preview Content\"";
				DEVELOPMENT_TEAM = 4HUQG76MS8;
				ENABLE_PREVIEWS = YES;
				GENERATE_INFOPLIST_FILE = YES;
				INFOPLIST_KEY_UIApplicationSceneManifest_Generation = YES;
				INFOPLIST_KEY_UIApplicationSupportsIndirectInputEvents = YES;
				INFOPLIST_KEY_UILaunchScreen_Generation = YES;
				INFOPLIST_KEY_UISupportedInterfaceOrientations_iPad = "UIInterfaceOrientationPortrait UIInterfaceOrientationPortraitUpsideDown UIInterfaceOrientationLandscapeLeft UIInterfaceOrientationLandscapeRight";
				INFOPLIST_KEY_UISupportedInterfaceOrientations_iPhone = "UIInterfaceOrientationPortrait UIInterfaceOrientationLandscapeLeft UIInterfaceOrientationLandscapeRight";
				IPHONEOS_DEPLOYMENT_TARGET = 16.0;
				LD_RUNPATH_SEARCH_PATHS = (
					"$(inherited)",
					"@executable_path/Frameworks",
				);
				MARKETING_VERSION = 1.0;
				PRODUCT_BUNDLE_IDENTIFIER = com.tirlarim.Landmarks;
				PRODUCT_NAME = "$(TARGET_NAME)";
				SUPPORTED_PLATFORMS = "iphoneos iphonesimulator";
				SUPPORTS_MACCATALYST = NO;
				SUPPORTS_MAC_DESIGNED_FOR_IPHONE_IPAD = NO;
				SWIFT_EMIT_LOC_STRINGS = YES;
				SWIFT_VERSION = 5.0;
				TARGETED_DEVICE_FAMILY = "1,2";
			};
			name = Release;
		};
		A8959BE32B3AF15900A32C04 /* Debug */ = {
			isa = XCBuildConfiguration;
			buildSettings = {
				ASSETCATALOG_COMPILER_APPICON_NAME = AppIcon;
				ASSETCATALOG_COMPILER_GLOBAL_ACCENT_COLOR_NAME = AccentColor;
				CODE_SIGN_STYLE = Automatic;
				CURRENT_PROJECT_VERSION = 1;
				DEVELOPMENT_ASSET_PATHS = "\"WatchLandmarks/Preview Content\"";
				DEVELOPMENT_TEAM = 4HUQG76MS8;
				ENABLE_PREVIEWS = YES;
				GENERATE_INFOPLIST_FILE = YES;
				INFOPLIST_FILE = WatchLandmarks/Info.plist;
				INFOPLIST_KEY_CFBundleDisplayName = WatchLandmarks;
				INFOPLIST_KEY_UISupportedInterfaceOrientations = "UIInterfaceOrientationPortrait UIInterfaceOrientationPortraitUpsideDown";
				INFOPLIST_KEY_WKCompanionAppBundleIdentifier = "";
				INFOPLIST_KEY_WKRunsIndependentlyOfCompanionApp = YES;
				LD_RUNPATH_SEARCH_PATHS = (
					"$(inherited)",
					"@executable_path/Frameworks",
				);
				MARKETING_VERSION = 1.0;
				PRODUCT_BUNDLE_IDENTIFIER = .watchkitapp;
				PRODUCT_NAME = "$(TARGET_NAME)";
				SDKROOT = watchos;
				SKIP_INSTALL = YES;
				SWIFT_EMIT_LOC_STRINGS = YES;
				SWIFT_VERSION = 5.0;
				TARGETED_DEVICE_FAMILY = 4;
				WATCHOS_DEPLOYMENT_TARGET = 9.1;
			};
			name = Debug;
		};
		A8959BE42B3AF15900A32C04 /* Release */ = {
			isa = XCBuildConfiguration;
			buildSettings = {
				ASSETCATALOG_COMPILER_APPICON_NAME = AppIcon;
				ASSETCATALOG_COMPILER_GLOBAL_ACCENT_COLOR_NAME = AccentColor;
				CODE_SIGN_STYLE = Automatic;
				CURRENT_PROJECT_VERSION = 1;
				DEVELOPMENT_ASSET_PATHS = "\"WatchLandmarks/Preview Content\"";
				DEVELOPMENT_TEAM = 4HUQG76MS8;
				ENABLE_PREVIEWS = YES;
				GENERATE_INFOPLIST_FILE = YES;
				INFOPLIST_FILE = WatchLandmarks/Info.plist;
				INFOPLIST_KEY_CFBundleDisplayName = WatchLandmarks;
				INFOPLIST_KEY_UISupportedInterfaceOrientations = "UIInterfaceOrientationPortrait UIInterfaceOrientationPortraitUpsideDown";
				INFOPLIST_KEY_WKCompanionAppBundleIdentifier = "";
				INFOPLIST_KEY_WKRunsIndependentlyOfCompanionApp = YES;
				LD_RUNPATH_SEARCH_PATHS = (
					"$(inherited)",
					"@executable_path/Frameworks",
				);
				MARKETING_VERSION = 1.0;
				PRODUCT_BUNDLE_IDENTIFIER = .watchkitapp;
				PRODUCT_NAME = "$(TARGET_NAME)";
				SDKROOT = watchos;
				SKIP_INSTALL = YES;
				SWIFT_EMIT_LOC_STRINGS = YES;
				SWIFT_VERSION = 5.0;
				TARGETED_DEVICE_FAMILY = 4;
				WATCHOS_DEPLOYMENT_TARGET = 9.1;
			};
			name = Release;
		};
/* End XCBuildConfiguration section */

/* Begin XCConfigurationList section */
		A838AB882B3DAE3B00D18FF5 /* Build configuration list for PBXNativeTarget "MacLandmarks" */ = {
			isa = XCConfigurationList;
			buildConfigurations = (
				A838AB892B3DAE3B00D18FF5 /* Debug */,
				A838AB8A2B3DAE3B00D18FF5 /* Release */,
			);
			defaultConfigurationIsVisible = 0;
			defaultConfigurationName = Release;
		};
		A84FD40E2B370993006093F3 /* Build configuration list for PBXProject "Landmarks" */ = {
			isa = XCConfigurationList;
			buildConfigurations = (
				A84FD41F2B370995006093F3 /* Debug */,
				A84FD4202B370995006093F3 /* Release */,
			);
			defaultConfigurationIsVisible = 0;
			defaultConfigurationName = Release;
		};
		A84FD4212B370995006093F3 /* Build configuration list for PBXNativeTarget "Landmarks" */ = {
			isa = XCConfigurationList;
			buildConfigurations = (
				A84FD4222B370995006093F3 /* Debug */,
				A84FD4232B370995006093F3 /* Release */,
			);
			defaultConfigurationIsVisible = 0;
			defaultConfigurationName = Release;
		};
		A8959BE22B3AF15900A32C04 /* Build configuration list for PBXNativeTarget "WatchLandmarks" */ = {
			isa = XCConfigurationList;
			buildConfigurations = (
				A8959BE32B3AF15900A32C04 /* Debug */,
				A8959BE42B3AF15900A32C04 /* Release */,
			);
			defaultConfigurationIsVisible = 0;
			defaultConfigurationName = Release;
		};
/* End XCConfigurationList section */
	};
	rootObject = A84FD40B2B370993006093F3 /* Project object */;
}
